
Microsoft Visual Studio Solution File, Format Version 12.00
Project("{FAE04EC0-301F-11D3-BF4B-00C04F79EFBC}") = "Api", "Api\Api.csproj", "{32DEB89B-E60F-43EA-B562-087A6D7A72CB}"
EndProject
Project("{FAE04EC0-301F-11D3-BF4B-00C04F79EFBC}") = "DataAccess", "DataAccess\DataAccess.csproj", "{25ADAB17-6EE3-47D8-B632-52C81F979506}"
EndProject
Project("{FAE04EC0-301F-11D3-BF4B-00C04F79EFBC}") = "Services", "Services\Services.csproj", "{73121CF0-053C-495F-B714-C39CD12D81BF}"
EndProject
Project("{FAE04EC0-301F-11D3-BF4B-00C04F79EFBC}") = "Common", "Common\Common.csproj", "{60AF08D7-1715-4ADD-A6B6-21FE7049A81A}"
EndProject
Global
	GlobalSection(SolutionConfigurationPlatforms) = preSolution
		Debug|Any CPU = Debug|Any CPU
		Release|Any CPU = Release|Any CPU
	EndGlobalSection
	GlobalSection(ProjectConfigurationPlatforms) = postSolution
		{32DEB89B-E60F-43EA-B562-087A6D7A72CB}.Debug|Any CPU.ActiveCfg = Debug|Any CPU
		{32DEB89B-E60F-43EA-B562-087A6D7A72CB}.Debug|Any CPU.Build.0 = Debug|Any CPU
		{32DEB89B-E60F-43EA-B562-087A6D7A72CB}.Release|Any CPU.ActiveCfg = Release|Any CPU
		{32DEB89B-E60F-43EA-B562-087A6D7A72CB}.Release|Any CPU.Build.0 = Release|Any CPU
		{25ADAB17-6EE3-47D8-B632-52C81F979506}.Debug|Any CPU.ActiveCfg = Debug|Any CPU
		{25ADAB17-6EE3-47D8-B632-52C81F979506}.Debug|Any CPU.Build.0 = Debug|Any CPU
		{25ADAB17-6EE3-47D8-B632-52C81F979506}.Release|Any CPU.ActiveCfg = Release|Any CPU
		{25ADAB17-6EE3-47D8-B632-52C81F979506}.Release|Any CPU.Build.0 = Release|Any CPU
		{73121CF0-053C-495F-B714-C39CD12D81BF}.Debug|Any CPU.ActiveCfg = Debug|Any CPU
		{73121CF0-053C-495F-B714-C39CD12D81BF}.Debug|Any CPU.Build.0 = Debug|Any CPU
		{73121CF0-053C-495F-B714-C39CD12D81BF}.Release|Any CPU.ActiveCfg = Release|Any CPU
		{73121CF0-053C-495F-B714-C39CD12D81BF}.Release|Any CPU.Build.0 = Release|Any CPU
		{60AF08D7-1715-4ADD-A6B6-21FE7049A81A}.Debug|Any CPU.ActiveCfg = Debug|Any CPU
		{60AF08D7-1715-4ADD-A6B6-21FE7049A81A}.Debug|Any CPU.Build.0 = Debug|Any CPU
		{60AF08D7-1715-4ADD-A6B6-21FE7049A81A}.Release|Any CPU.ActiveCfg = Release|Any CPU
		{60AF08D7-1715-4ADD-A6B6-21FE7049A81A}.Release|Any CPU.Build.0 = Release|Any CPU
	EndGlobalSection
EndGlobal
